
Microsoft Visual Studio Solution File, Format Version 12.00
# Visual Studio Version 17
VisualStudioVersion = 17.0.31919.166
MinimumVisualStudioVersion = 10.0.40219.1
Project("{FAE04EC0-301F-11D3-BF4B-00C04F79EFBC}") = "Longest Repeating Character Replacement - Leetcode 424", "Longest Repeating Character Replacement - Leetcode 424\Longest Repeating Character Replacement - Leetcode 424.csproj", "{C88F1FA6-2442-45BE-98A1-01FC5901DADF}"
EndProject
Global
	GlobalSection(SolutionConfigurationPlatforms) = preSolution
		Debug|Any CPU = Debug|Any CPU
		Release|Any CPU = Release|Any CPU
	EndGlobalSection
	GlobalSection(ProjectConfigurationPlatforms) = postSolution
		{C88F1FA6-2442-45BE-98A1-01FC5901DADF}.Debug|Any CPU.ActiveCfg = Debug|Any CPU
		{C88F1FA6-2442-45BE-98A1-01FC5901DADF}.Debug|Any CPU.Build.0 = Debug|Any CPU
		{C88F1FA6-2442-45BE-98A1-01FC5901DADF}.Release|Any CPU.ActiveCfg = Release|Any CPU
		{C88F1FA6-2442-45BE-98A1-01FC5901DADF}.Release|Any CPU.Build.0 = Release|Any CPU
	EndGlobalSection
	GlobalSection(SolutionProperties) = preSolution
		HideSolutionNode = FALSE
	EndGlobalSection
	GlobalSection(ExtensibilityGlobals) = postSolution
		SolutionGuid = {C9405469-BBD3-4577-AA5D-6301B977EA11}
	EndGlobalSection
EndGlobal
